// !$*UTF8*$!
{
	archiveVersion = 1;
	classes = {
	};
	objectVersion = 77;
	objects = {

/* Begin PBXContainerItemProxy section */
		A3BCFE8A2F5A10A500E7D618 /* PBXContainerItemProxy */ = {
			isa = PBXContainerItemProxy;
			containerPortal = A3BCFE722F5A10A400E7D618 /* Project object */;
			proxyType = 1;
			remoteGlobalIDString = A3BCFE792F5A10A400E7D618;
			remoteInfo = Ascension_Habit_Builder;
		};
		A3BCFE942F5A10A500E7D618 /* PBXContainerItemProxy */ = {
			isa = PBXContainerItemProxy;
			containerPortal = A3BCFE722F5A10A400E7D618 /* Project object */;
			proxyType = 1;
			remoteGlobalIDString = A3BCFE792F5A10A400E7D618;
			remoteInfo = Ascension_Habit_Builder;
		};
/* End PBXContainerItemProxy section */

/* Begin PBXFileReference section */
		A3BCFE7A2F5A10A400E7D618 /* Ascension_Habit_Builder.app */ = {isa = PBXFileReference; explicitFileType = wrapper.application; includeInIndex = 0; path = Ascension_Habit_Builder.app; sourceTree = BUILT_PRODUCTS_DIR; };
		A3BCFE892F5A10A500E7D618 /* Ascension_Habit_BuilderTests.xctest */ = {isa = PBXFileReference; explicitFileType = wrapper.cfbundle; includeInIndex = 0; path = Ascension_Habit_BuilderTests.xctest; sourceTree = BUILT_PRODUCTS_DIR; };
		A3BCFE932F5A10A500E7D618 /* Ascension_Habit_BuilderUITests.xctest */ = {isa = PBXFileReference; explicitFileType = wrapper.cfbundle; includeInIndex = 0; path = Ascension_Habit_BuilderUITests.xctest; sourceTree = BUILT_PRODUCTS_DIR; };
/* End PBXFileReference section */

/* Begin PBXFileSystemSynchronizedRootGroup section */
		A3BCFE7C2F5A10A400E7D618 /* Ascension_Habit_Builder */ = {
			isa = PBXFileSystemSynchronizedRootGroup;
			path = Ascension_Habit_Builder;
			sourceTree = "<group>";
		};
		A3BCFE8C2F5A10A500E7D618 /* Ascension_Habit_BuilderTests */ = {
			isa = PBXFileSystemSynchronizedRootGroup;
			path = Ascension_Habit_BuilderTests;
			sourceTree = "<group>";
		};
		A3BCFE962F5A10A500E7D618 /* Ascension_Habit_BuilderUITests */ = {
			isa = PBXFileSystemSynchronizedRootGroup;
			path = Ascension_Habit_BuilderUITests;
			sourceTree = "<group>";
		};
/* End PBXFileSystemSynchronizedRootGroup section */

/* Begin PBXFrameworksBuildPhase section */
		A3BCFE772F5A10A400E7D618 /* Frameworks */ = {
			isa = PBXFrameworksBuildPhase;
			buildActionMask = 2147483647;
			files = (
			);
			runOnlyForDeploymentPostprocessing = 0;
		};
		A3BCFE862F5A10A500E7D618 /* Frameworks */ = {
			isa = PBXFrameworksBuildPhase;
			buildActionMask = 2147483647;
			files = (
			);
			runOnlyForDeploymentPostprocessing = 0;
		};
		A3BCFE902F5A10A500E7D618 /* Frameworks */ = {
			isa = PBXFrameworksBuildPhase;
			buildActionMask = 2147483647;
			files = (
			);
			runOnlyForDeploymentPostprocessing = 0;
		};
/* End PBXFrameworksBuildPhase section */

/* Begin PBXGroup section */
		A3BCFE712F5A10A400E7D618 = {
			isa = PBXGroup;
			children = (
				A3BCFE7C2F5A10A400E7D618 /* Ascension_Habit_Builder */,
				A3BCFE8C2F5A10A500E7D618 /* Ascension_Habit_BuilderTests */,
				A3BCFE962F5A10A500E7D618 /* Ascension_Habit_BuilderUITests */,
				A3BCFE7B2F5A10A400E7D618 /* Products */,
			);
			sourceTree = "<group>";
		};
		A3BCFE7B2F5A10A400E7D618 /* Products */ = {
			isa = PBXGroup;
			children = (
				A3BCFE7A2F5A10A400E7D618 /* Ascension_Habit_Builder.app */,
				A3BCFE892F5A10A500E7D618 /* Ascension_Habit_BuilderTests.xctest */,
				A3BCFE932F5A10A500E7D618 /* Ascension_Habit_BuilderUITests.xctest */,
			);
			name = Products;
			sourceTree = "<group>";
		};
/* End PBXGroup section */

/* Begin PBXNativeTarget section */
		A3BCFE792F5A10A400E7D618 /* Ascension_Habit_Builder */ = {
			isa = PBXNativeTarget;
			buildConfigurationList = A3BCFE9D2F5A10A500E7D618 /* Build configuration list for PBXNativeTarget "Ascension_Habit_Builder" */;
			buildPhases = (
				A3BCFE762F5A10A400E7D618 /* Sources */,
				A3BCFE772F5A10A400E7D618 /* Frameworks */,
				A3BCFE782F5A10A400E7D618 /* Resources */,
			);
			buildRules = (
			);
			dependencies = (
			);
			fileSystemSynchronizedGroups = (
				A3BCFE7C2F5A10A400E7D618 /* Ascension_Habit_Builder */,
			);
			name = Ascension_Habit_Builder;
			packageProductDependencies = (
			);
			productName = Ascension_Habit_Builder;
			productReference = A3BCFE7A2F5A10A400E7D618 /* Ascension_Habit_Builder.app */;
			productType = "com.apple.product-type.application";
		};
		A3BCFE882F5A10A500E7D618 /* Ascension_Habit_BuilderTests */ = {
			isa = PBXNativeTarget;
			buildConfigurationList = A3BCFEA02F5A10A500E7D618 /* Build configuration list for PBXNativeTarget "Ascension_Habit_BuilderTests" */;
			buildPhases = (
				A3BCFE852F5A10A500E7D618 /* Sources */,
				A3BCFE862F5A10A500E7D618 /* Frameworks */,
				A3BCFE872F5A10A500E7D618 /* Resources */,
			);
			buildRules = (
			);
			dependencies = (
				A3BCFE8B2F5A10A500E7D618 /* PBXTargetDependency */,
			);
			fileSystemSynchronizedGroups = (
				A3BCFE8C2F5A10A500E7D618 /* Ascension_Habit_BuilderTests */,
			);
			name = Ascension_Habit_BuilderTests;
			packageProductDependencies = (
			);
			productName = Ascension_Habit_BuilderTests;
			productReference = A3BCFE892F5A10A500E7D618 /* Ascension_Habit_BuilderTests.xctest */;
			productType = "com.apple.product-type.bundle.unit-test";
		};
		A3BCFE922F5A10A500E7D618 /* Ascension_Habit_BuilderUITests */ = {
			isa = PBXNativeTarget;
			buildConfigurationList = A3BCFEA32F5A10A500E7D618 /* Build configuration list for PBXNativeTarget "Ascension_Habit_BuilderUITests" */;
			buildPhases = (
				A3BCFE8F2F5A10A500E7D618 /* Sources */,
				A3BCFE902F5A10A500E7D618 /* Frameworks */,
				A3BCFE912F5A10A500E7D618 /* Resources */,
			);
			buildRules = (
			);
			dependencies = (
				A3BCFE952F5A10A500E7D618 /* PBXTargetDependency */,
			);
			fileSystemSynchronizedGroups = (
				A3BCFE962F5A10A500E7D618 /* Ascension_Habit_BuilderUITests */,
			);
			name = Ascension_Habit_BuilderUITests;
			packageProductDependencies = (
			);
			productName = Ascension_Habit_BuilderUITests;
			productReference = A3BCFE932F5A10A500E7D618 /* Ascension_Habit_BuilderUITests.xctest */;
			productType = "com.apple.product-type.bundle.ui-testing";
		};
/* End PBXNativeTarget section */

/* Begin PBXProject section */
		A3BCFE722F5A10A400E7D618 /* Project object */ = {
			isa = PBXProject;
			attributes = {
				BuildIndependentTargetsInParallel = 1;
				LastSwiftUpdateCheck = 2620;
				LastUpgradeCheck = 2620;
				TargetAttributes = {
					A3BCFE792F5A10A400E7D618 = {
						CreatedOnToolsVersion = 26.2;
					};
					A3BCFE882F5A10A500E7D618 = {
						CreatedOnToolsVersion = 26.2;
						TestTargetID = A3BCFE792F5A10A400E7D618;
					};
					A3BCFE922F5A10A500E7D618 = {
						CreatedOnToolsVersion = 26.2;
						TestTargetID = A3BCFE792F5A10A400E7D618;
					};
				};
			};
			buildConfigurationList = A3BCFE752F5A10A400E7D618 /* Build configuration list for PBXProject "Ascension_Habit_Builder" */;
			developmentRegion = en;
			hasScannedForEncodings = 0;
			knownRegions = (
				en,
				Base,
			);
			mainGroup = A3BCFE712F5A10A400E7D618;
			minimizedProjectReferenceProxies = 1;
			preferredProjectObjectVersion = 77;
			productRefGroup = A3BCFE7B2F5A10A400E7D618 /* Products */;
			projectDirPath = "";
			projectRoot = "";
			targets = (
				A3BCFE792F5A10A400E7D618 /* Ascension_Habit_Builder */,
				A3BCFE882F5A10A500E7D618 /* Ascension_Habit_BuilderTests */,
				A3BCFE922F5A10A500E7D618 /* Ascension_Habit_BuilderUITests */,
			);
		};
/* End PBXProject section */

/* Begin PBXResourcesBuildPhase section */
		A3BCFE782F5A10A400E7D618 /* Resources */ = {
			isa = PBXResourcesBuildPhase;
			buildActionMask = 2147483647;
			files = (
			);
			runOnlyForDeploymentPostprocessing = 0;
		};
		A3BCFE872F5A10A500E7D618 /* Resources */ = {
			isa = PBXResourcesBuildPhase;
			buildActionMask = 2147483647;
			files = (
			);
			runOnlyForDeploymentPostprocessing = 0;
		};
		A3BCFE912F5A10A500E7D618 /* Resources */ = {
			isa = PBXResourcesBuildPhase;
			buildActionMask = 2147483647;
			files = (
			);
			runOnlyForDeploymentPostprocessing = 0;
		};
/* End PBXResourcesBuildPhase section */

/* Begin PBXSourcesBuildPhase section */
		A3BCFE762F5A10A400E7D618 /* Sources */ = {
			isa = PBXSourcesBuildPhase;
			buildActionMask = 2147483647;
			files = (
			);
			runOnlyForDeploymentPostprocessing = 0;
		};
		A3BCFE852F5A10A500E7D618 /* Sources */ = {
			isa = PBXSourcesBuildPhase;
			buildActionMask = 2147483647;
			files = (
			);
			runOnlyForDeploymentPostprocessing = 0;
		};
		A3BCFE8F2F5A10A500E7D618 /* Sources */ = {
			isa = PBXSourcesBuildPhase;
			buildActionMask = 2147483647;
			files = (
			);
			runOnlyForDeploymentPostprocessing = 0;
		};
/* End PBXSourcesBuildPhase section */

/* Begin PBXTargetDependency section */
		A3BCFE8B2F5A10A500E7D618 /* PBXTargetDependency */ = {
			isa = PBXTargetDependency;
			target = A3BCFE792F5A10A400E7D618 /* Ascension_Habit_Builder */;
			targetProxy = A3BCFE8A2F5A10A500E7D618 /* PBXContainerItemProxy */;
		};
		A3BCFE952F5A10A500E7D618 /* PBXTargetDependency */ = {
			isa = PBXTargetDependency;
			target = A3BCFE792F5A10A400E7D618 /* Ascension_Habit_Builder */;
			targetProxy = A3BCFE942F5A10A500E7D618 /* PBXContainerItemProxy */;
		};
/* End PBXTargetDependency section */

/* Begin XCBuildConfiguration section */
		A3BCFE9B2F5A10A500E7D618 /* Debug */ = {
			isa = XCBuildConfiguration;
			buildSettings = {
				ALWAYS_SEARCH_USER_PATHS = NO;
				ASSETCATALOG_COMPILER_GENERATE_SWIFT_ASSET_SYMBOL_EXTENSIONS = YES;
				CLANG_ANALYZER_NONNULL = YES;
				CLANG_ANALYZER_NUMBER_OBJECT_CONVERSION = YES_AGGRESSIVE;
				CLANG_CXX_LANGUAGE_STANDARD = "gnu++20";
				CLANG_ENABLE_MODULES = YES;
				CLANG_ENABLE_OBJC_ARC = YES;
				CLANG_ENABLE_OBJC_WEAK = YES;
				CLANG_WARN_BLOCK_CAPTURE_AUTORELEASING = YES;
				CLANG_WARN_BOOL_CONVERSION = YES;
				CLANG_WARN_COMMA = YES;
				CLANG_WARN_CONSTANT_CONVERSION = YES;
				CLANG_WARN_DEPRECATED_OBJC_IMPLEMENTATIONS = YES;
				CLANG_WARN_DIRECT_OBJC_ISA_USAGE = YES_ERROR;
				CLANG_WARN_DOCUMENTATION_COMMENTS = YES;
				CLANG_WARN_EMPTY_BODY = YES;
				CLANG_WARN_ENUM_CONVERSION = YES;
				CLANG_WARN_INFINITE_RECURSION = YES;
				CLANG_WARN_INT_CONVERSION = YES;
				CLANG_WARN_NON_LITERAL_NULL_CONVERSION = YES;
				CLANG_WARN_OBJC_IMPLICIT_RETAIN_SELF = YES;
				CLANG_WARN_OBJC_LITERAL_CONVERSION = YES;
				CLANG_WARN_OBJC_ROOT_CLASS = YES_ERROR;
				CLANG_WARN_QUOTED_INCLUDE_IN_FRAMEWORK_HEADER = YES;
				CLANG_WARN_RANGE_LOOP_ANALYSIS = YES;
				CLANG_WARN_STRICT_PROTOTYPES = YES;
				CLANG_WARN_SUSPICIOUS_MOVE = YES;
				CLANG_WARN_UNGUARDED_AVAILABILITY = YES_AGGRESSIVE;
				CLANG_WARN_UNREACHABLE_CODE = YES;
				CLANG_WARN__DUPLICATE_METHOD_MATCH = YES;
				COPY_PHASE_STRIP = NO;
				DEBUG_INFORMATION_FORMAT = dwarf;
				DEVELOPMENT_TEAM = R4N49T6S7R;
				ENABLE_STRICT_OBJC_MSGSEND = YES;
				ENABLE_TESTABILITY = YES;
				ENABLE_USER_SCRIPT_SANDBOXING = YES;
				GCC_C_LANGUAGE_STANDARD = gnu17;
				GCC_DYNAMIC_NO_PIC = NO;
				GCC_NO_COMMON_BLOCKS = YES;
				GCC_OPTIMIZATION_LEVEL = 0;
				GCC_PREPROCESSOR_DEFINITIONS = (
					"DEBUG=1",
					"$(inherited)",
				);
				GCC_WARN_64_TO_32_BIT_CONVERSION = YES;
				GCC_WARN_ABOUT_RETURN_TYPE = YES_ERROR;
				GCC_WARN_UNDECLARED_SELECTOR = YES;
				GCC_WARN_UNINITIALIZED_AUTOS = YES_AGGRESSIVE;
				GCC_WARN_UNUSED_FUNCTION = YES;
				GCC_WARN_UNUSED_VARIABLE = YES;
				IPHONEOS_DEPLOYMENT_TARGET = 26.2;
				LOCALIZATION_PREFERS_STRING_CATALOGS = YES;
				MTL_ENABLE_DEBUG_INFO = INCLUDE_SOURCE;
				MTL_FAST_MATH = YES;
				ONLY_ACTIVE_ARCH = YES;
				SDKROOT = iphoneos;
				SWIFT_ACTIVE_COMPILATION_CONDITIONS = "DEBUG $(inherited)";
				SWIFT_OPTIMIZATION_LEVEL = "-Onone";
			};
			name = Debug;
		};
		A3BCFE9C2F5A10A500E7D618 /* Release */ = {
			isa = XCBuildConfiguration;
			buildSettings = {
				ALWAYS_SEARCH_USER_PATHS = NO;
				ASSETCATALOG_COMPILER_GENERATE_SWIFT_ASSET_SYMBOL_EXTENSIONS = YES;
				CLANG_ANALYZER_NONNULL = YES;
				CLANG_ANALYZER_NUMBER_OBJECT_CONVERSION = YES_AGGRESSIVE;
				CLANG_CXX_LANGUAGE_STANDARD = "gnu++20";
				CLANG_ENABLE_MODULES = YES;
				CLANG_ENABLE_OBJC_ARC = YES;
				CLANG_ENABLE_OBJC_WEAK = YES;
				CLANG_WARN_BLOCK_CAPTURE_AUTORELEASING = YES;
				CLANG_WARN_BOOL_CONVERSION = YES;
				CLANG_WARN_COMMA = YES;
				CLANG_WARN_CONSTANT_CONVERSION = YES;
				CLANG_WARN_DEPRECATED_OBJC_IMPLEMENTATIONS = YES;
				CLANG_WARN_DIRECT_OBJC_ISA_USAGE = YES_ERROR;
				CLANG_WARN_DOCUMENTATION_COMMENTS = YES;
				CLANG_WARN_EMPTY_BODY = YES;
				CLANG_WARN_ENUM_CONVERSION = YES;
				CLANG_WARN_INFINITE_RECURSION = YES;
				CLANG_WARN_INT_CONVERSION = YES;
				CLANG_WARN_NON_LITERAL_NULL_CONVERSION = YES;
				CLANG_WARN_OBJC_IMPLICIT_RETAIN_SELF = YES;
				CLANG_WARN_OBJC_LITERAL_CONVERSION = YES;
				CLANG_WARN_OBJC_ROOT_CLASS = YES_ERROR;
				CLANG_WARN_QUOTED_INCLUDE_IN_FRAMEWORK_HEADER = YES;
				CLANG_WARN_RANGE_LOOP_ANALYSIS = YES;
				CLANG_WARN_STRICT_PROTOTYPES = YES;
				CLANG_WARN_SUSPICIOUS_MOVE = YES;
				CLANG_WARN_UNGUARDED_AVAILABILITY = YES_AGGRESSIVE;
				CLANG_WARN_UNREACHABLE_CODE = YES;
				CLANG_WARN__DUPLICATE_METHOD_MATCH = YES;
				COPY_PHASE_STRIP = NO;
				DEBUG_INFORMATION_FORMAT = "dwarf-with-dsym";
				DEVELOPMENT_TEAM = R4N49T6S7R;
				ENABLE_NS_ASSERTIONS = NO;
				ENABLE_STRICT_OBJC_MSGSEND = YES;
				ENABLE_USER_SCRIPT_SANDBOXING = YES;
				GCC_C_LANGUAGE_STANDARD = gnu17;
				GCC_NO_COMMON_BLOCKS = YES;
				GCC_WARN_64_TO_32_BIT_CONVERSION = YES;
				GCC_WARN_ABOUT_RETURN_TYPE = YES_ERROR;
				GCC_WARN_UNDECLARED_SELECTOR = YES;
				GCC_WARN_UNINITIALIZED_AUTOS = YES_AGGRESSIVE;
				GCC_WARN_UNUSED_FUNCTION = YES;
				GCC_WARN_UNUSED_VARIABLE = YES;
				IPHONEOS_DEPLOYMENT_TARGET = 26.2;
				LOCALIZATION_PREFERS_STRING_CATALOGS = YES;
				MTL_ENABLE_DEBUG_INFO = NO;
				MTL_FAST_MATH = YES;
				SDKROOT = iphoneos;
				SWIFT_COMPILATION_MODE = wholemodule;
				VALIDATE_PRODUCT = YES;
			};
			name = Release;
		};
		A3BCFE9E2F5A10A500E7D618 /* Debug */ = {
			isa = XCBuildConfiguration;
			buildSettings = {
				ASSETCATALOG_COMPILER_APPICON_NAME = AppIcon;
				ASSETCATALOG_COMPILER_GLOBAL_ACCENT_COLOR_NAME = AccentColor;
				CODE_SIGN_STYLE = Automatic;
				CURRENT_PROJECT_VERSION = 1;
				DEVELOPMENT_TEAM = R4N49T6S7R;
				ENABLE_PREVIEWS = YES;
				GENERATE_INFOPLIST_FILE = YES;
				INFOPLIST_KEY_UIApplicationSceneManifest_Generation = YES;
				INFOPLIST_KEY_UIApplicationSupportsIndirectInputEvents = YES;
				INFOPLIST_KEY_UILaunchScreen_Generation = YES;
				INFOPLIST_KEY_UISupportedInterfaceOrientations_iPad = "UIInterfaceOrientationPortrait UIInterfaceOrientationPortraitUpsideDown UIInterfaceOrientationLandscapeLeft UIInterfaceOrientationLandscapeRight";
				INFOPLIST_KEY_UISupportedInterfaceOrientations_iPhone = "UIInterfaceOrientationPortrait UIInterfaceOrientationLandscapeLeft UIInterfaceOrientationLandscapeRight";
				LD_RUNPATH_SEARCH_PATHS = (
					"$(inherited)",
					"@executable_path/Frameworks",
				);
				MARKETING_VERSION = 1.0;
				PRODUCT_BUNDLE_IDENTIFIER = "com.Downie.Ascension-Habit-Builder";
				PRODUCT_NAME = "$(TARGET_NAME)";
				STRING_CATALOG_GENERATE_SYMBOLS = YES;
				SWIFT_APPROACHABLE_CONCURRENCY = YES;
				SWIFT_DEFAULT_ACTOR_ISOLATION = MainActor;
				SWIFT_EMIT_LOC_STRINGS = YES;
				SWIFT_UPCOMING_FEATURE_MEMBER_IMPORT_VISIBILITY = YES;
				SWIFT_VERSION = 5.0;
				TARGETED_DEVICE_FAMILY = "1,2";
			};
			name = Debug;
		};
		A3BCFE9F2F5A10A500E7D618 /* Release */ = {
			isa = XCBuildConfiguration;
			buildSettings = {
				ASSETCATALOG_COMPILER_APPICON_NAME = AppIcon;
				ASSETCATALOG_COMPILER_GLOBAL_ACCENT_COLOR_NAME = AccentColor;
				CODE_SIGN_STYLE = Automatic;
				CURRENT_PROJECT_VERSION = 1;
				DEVELOPMENT_TEAM = R4N49T6S7R;
				ENABLE_PREVIEWS = YES;
				GENERATE_INFOPLIST_FILE = YES;
				INFOPLIST_KEY_UIApplicationSceneManifest_Generation = YES;
				INFOPLIST_KEY_UIApplicationSupportsIndirectInputEvents = YES;
				INFOPLIST_KEY_UILaunchScreen_Generation = YES;
				INFOPLIST_KEY_UISupportedInterfaceOrientations_iPad = "UIInterfaceOrientationPortrait UIInterfaceOrientationPortraitUpsideDown UIInterfaceOrientationLandscapeLeft UIInterfaceOrientationLandscapeRight";
				INFOPLIST_KEY_UISupportedInterfaceOrientations_iPhone = "UIInterfaceOrientationPortrait UIInterfaceOrientationLandscapeLeft UIInterfaceOrientationLandscapeRight";
				LD_RUNPATH_SEARCH_PATHS = (
					"$(inherited)",
					"@executable_path/Frameworks",
				);
				MARKETING_VERSION = 1.0;
				PRODUCT_BUNDLE_IDENTIFIER = "com.Downie.Ascension-Habit-Builder";
				PRODUCT_NAME = "$(TARGET_NAME)";
				STRING_CATALOG_GENERATE_SYMBOLS = YES;
				SWIFT_APPROACHABLE_CONCURRENCY = YES;
				SWIFT_DEFAULT_ACTOR_ISOLATION = MainActor;
				SWIFT_EMIT_LOC_STRINGS = YES;
				SWIFT_UPCOMING_FEATURE_MEMBER_IMPORT_VISIBILITY = YES;
				SWIFT_VERSION = 5.0;
				TARGETED_DEVICE_FAMILY = "1,2";
			};
			name = Release;
		};
		A3BCFEA12F5A10A500E7D618 /* Debug */ = {
			isa = XCBuildConfiguration;
			buildSettings = {
				BUNDLE_LOADER = "$(TEST_HOST)";
				CODE_SIGN_STYLE = Automatic;
				CURRENT_PROJECT_VERSION = 1;
				DEVELOPMENT_TEAM = R4N49T6S7R;
				GENERATE_INFOPLIST_FILE = YES;
				IPHONEOS_DEPLOYMENT_TARGET = 26.2;
				MARKETING_VERSION = 1.0;
				PRODUCT_BUNDLE_IDENTIFIER = "com.Downie.Ascension-Habit-BuilderTests";
				PRODUCT_NAME = "$(TARGET_NAME)";
				STRING_CATALOG_GENERATE_SYMBOLS = NO;
				SWIFT_APPROACHABLE_CONCURRENCY = YES;
				SWIFT_EMIT_LOC_STRINGS = NO;
				SWIFT_UPCOMING_FEATURE_MEMBER_IMPORT_VISIBILITY = YES;
				SWIFT_VERSION = 5.0;
				TARGETED_DEVICE_FAMILY = "1,2";
				TEST_HOST = "$(BUILT_PRODUCTS_DIR)/Ascension_Habit_Builder.app/$(BUNDLE_EXECUTABLE_FOLDER_PATH)/Ascension_Habit_Builder";
			};
			name = Debug;
		};
		A3BCFEA22F5A10A500E7D618 /* Release */ = {
			isa = XCBuildConfiguration;
			buildSettings = {
				BUNDLE_LOADER = "$(TEST_HOST)";
				CODE_SIGN_STYLE = Automatic;
				CURRENT_PROJECT_VERSION = 1;
				DEVELOPMENT_TEAM = R4N49T6S7R;
				GENERATE_INFOPLIST_FILE = YES;
				IPHONEOS_DEPLOYMENT_TARGET = 26.2;
				MARKETING_VERSION = 1.0;
				PRODUCT_BUNDLE_IDENTIFIER = "com.Downie.Ascension-Habit-BuilderTests";
				PRODUCT_NAME = "$(TARGET_NAME)";
				STRING_CATALOG_GENERATE_SYMBOLS = NO;
				SWIFT_APPROACHABLE_CONCURRENCY = YES;
				SWIFT_EMIT_LOC_STRINGS = NO;
				SWIFT_UPCOMING_FEATURE_MEMBER_IMPORT_VISIBILITY = YES;
				SWIFT_VERSION = 5.0;
				TARGETED_DEVICE_FAMILY = "1,2";
				TEST_HOST = "$(BUILT_PRODUCTS_DIR)/Ascension_Habit_Builder.app/$(BUNDLE_EXECUTABLE_FOLDER_PATH)/Ascension_Habit_Builder";
			};
			name = Release;
		};
		A3BCFEA42F5A10A500E7D618 /* Debug */ = {
			isa = XCBuildConfiguration;
			buildSettings = {
				CODE_SIGN_STYLE = Automatic;
				CURRENT_PROJECT_VERSION = 1;
				DEVELOPMENT_TEAM = R4N49T6S7R;
				GENERATE_INFOPLIST_FILE = YES;
				MARKETING_VERSION = 1.0;
				PRODUCT_BUNDLE_IDENTIFIER = "com.Downie.Ascension-Habit-BuilderUITests";
				PRODUCT_NAME = "$(TARGET_NAME)";
				STRING_CATALOG_GENERATE_SYMBOLS = NO;
				SWIFT_APPROACHABLE_CONCURRENCY = YES;
				SWIFT_EMIT_LOC_STRINGS = NO;
				SWIFT_UPCOMING_FEATURE_MEMBER_IMPORT_VISIBILITY = YES;
				SWIFT_VERSION = 5.0;
				TARGETED_DEVICE_FAMILY = "1,2";
				TEST_TARGET_NAME = Ascension_Habit_Builder;
			};
			name = Debug;
		};
		A3BCFEA52F5A10A500E7D618 /* Release */ = {
			isa = XCBuildConfiguration;
			buildSettings = {
				CODE_SIGN_STYLE = Automatic;
				CURRENT_PROJECT_VERSION = 1;
				DEVELOPMENT_TEAM = R4N49T6S7R;
				GENERATE_INFOPLIST_FILE = YES;
				MARKETING_VERSION = 1.0;
				PRODUCT_BUNDLE_IDENTIFIER = "com.Downie.Ascension-Habit-BuilderUITests";
				PRODUCT_NAME = "$(TARGET_NAME)";
				STRING_CATALOG_GENERATE_SYMBOLS = NO;
				SWIFT_APPROACHABLE_CONCURRENCY = YES;
				SWIFT_EMIT_LOC_STRINGS = NO;
				SWIFT_UPCOMING_FEATURE_MEMBER_IMPORT_VISIBILITY = YES;
				SWIFT_VERSION = 5.0;
				TARGETED_DEVICE_FAMILY = "1,2";
				TEST_TARGET_NAME = Ascension_Habit_Builder;
			};
			name = Release;
		};
/* End XCBuildConfiguration section */

/* Begin XCConfigurationList section */
		A3BCFE752F5A10A400E7D618 /* Build configuration list for PBXProject "Ascension_Habit_Builder" */ = {
			isa = XCConfigurationList;
			buildConfigurations = (
				A3BCFE9B2F5A10A500E7D618 /* Debug */,
				A3BCFE9C2F5A10A500E7D618 /* Release */,
			);
			defaultConfigurationIsVisible = 0;
			defaultConfigurationName = Release;
		};
		A3BCFE9D2F5A10A500E7D618 /* Build configuration list for PBXNativeTarget "Ascension_Habit_Builder" */ = {
			isa = XCConfigurationList;
			buildConfigurations = (
				A3BCFE9E2F5A10A500E7D618 /* Debug */,
				A3BCFE9F2F5A10A500E7D618 /* Release */,
			);
			defaultConfigurationIsVisible = 0;
			defaultConfigurationName = Release;
		};
		A3BCFEA02F5A10A500E7D618 /* Build configuration list for PBXNativeTarget "Ascension_Habit_BuilderTests" */ = {
			isa = XCConfigurationList;
			buildConfigurations = (
				A3BCFEA12F5A10A500E7D618 /* Debug */,
				A3BCFEA22F5A10A500E7D618 /* Release */,
			);
			defaultConfigurationIsVisible = 0;
			defaultConfigurationName = Release;
		};
		A3BCFEA32F5A10A500E7D618 /* Build configuration list for PBXNativeTarget "Ascension_Habit_BuilderUITests" */ = {
			isa = XCConfigurationList;
			buildConfigurations = (
				A3BCFEA42F5A10A500E7D618 /* Debug */,
				A3BCFEA52F5A10A500E7D618 /* Release */,
			);
			defaultConfigurationIsVisible = 0;
			defaultConfigurationName = Release;
		};
/* End XCConfigurationList section */
	};
	rootObject = A3BCFE722F5A10A400E7D618 /* Project object */;
}
